
Microsoft Visual Studio Solution File, Format Version 12.00
Project("{2150E333-8FDC-42A3-9474-1A3956D46DE8}") = "src", "src", "{59F5FC80-E021-4CCC-BC65-EF2D17E44D39}"
EndProject
Project("{2150E333-8FDC-42A3-9474-1A3956D46DE8}") = "ToDo.Domain", "ToDo.Domain", "{35CB54F8-61B6-45A9-81D1-CE86293FA6DF}"
EndProject
Project("{2150E333-8FDC-42A3-9474-1A3956D46DE8}") = "ToDo.Infra", "ToDo.Infra", "{3FB791A0-EF04-4D01-A11A-C8C9FE79AF59}"
EndProject
Project("{2150E333-8FDC-42A3-9474-1A3956D46DE8}") = "ToDo.Application", "ToDo.Application", "{6D38A55B-4AA0-4C37-8EC1-B20495C772C3}"
EndProject
Project("{2150E333-8FDC-42A3-9474-1A3956D46DE8}") = "ToDo.API", "ToDo.API", "{F93D01CD-384B-4B6A-A0D3-5DEAF67B24A9}"
EndProject
Project("{FAE04EC0-301F-11D3-BF4B-00C04F79EFBC}") = "ToDo.API", "ToDo.API\ToDo.API.csproj", "{76524926-33E5-406D-A431-4F9843C93FA7}"
EndProject
Project("{FAE04EC0-301F-11D3-BF4B-00C04F79EFBC}") = "ToDo.Application", "ToDo.Application\ToDo.Application.csproj", "{4EB032DD-EA84-430D-935D-44808EA3B4DD}"
EndProject
Project("{FAE04EC0-301F-11D3-BF4B-00C04F79EFBC}") = "ToDo.Domain", "ToDo.Domain\ToDo.Domain.csproj", "{E11BEE50-BE0B-4939-9783-D21AB61BDEC2}"
EndProject
Project("{FAE04EC0-301F-11D3-BF4B-00C04F79EFBC}") = "ToDo.Infra", "ToDo.Infra\ToDo.Infra.csproj", "{3BB9677B-436A-4E1E-A127-D0440496E9DB}"
EndProject
Project("{2150E333-8FDC-42A3-9474-1A3956D46DE8}") = "ToDo.Core", "ToDo.Core", "{30B66194-5902-491D-BB6A-5EB9C73D5D0B}"
EndProject
Project("{FAE04EC0-301F-11D3-BF4B-00C04F79EFBC}") = "ToDo.Core", "ToDo.Core\ToDo.Core.csproj", "{9CE968FF-E968-4DD9-975E-1C2CFDB06A75}"
EndProject
Global
	GlobalSection(SolutionConfigurationPlatforms) = preSolution
		Debug|Any CPU = Debug|Any CPU
		Release|Any CPU = Release|Any CPU
	EndGlobalSection
	GlobalSection(NestedProjects) = preSolution
		{35CB54F8-61B6-45A9-81D1-CE86293FA6DF} = {59F5FC80-E021-4CCC-BC65-EF2D17E44D39}
		{3FB791A0-EF04-4D01-A11A-C8C9FE79AF59} = {59F5FC80-E021-4CCC-BC65-EF2D17E44D39}
		{6D38A55B-4AA0-4C37-8EC1-B20495C772C3} = {59F5FC80-E021-4CCC-BC65-EF2D17E44D39}
		{F93D01CD-384B-4B6A-A0D3-5DEAF67B24A9} = {59F5FC80-E021-4CCC-BC65-EF2D17E44D39}
		{76524926-33E5-406D-A431-4F9843C93FA7} = {F93D01CD-384B-4B6A-A0D3-5DEAF67B24A9}
		{4EB032DD-EA84-430D-935D-44808EA3B4DD} = {6D38A55B-4AA0-4C37-8EC1-B20495C772C3}
		{E11BEE50-BE0B-4939-9783-D21AB61BDEC2} = {35CB54F8-61B6-45A9-81D1-CE86293FA6DF}
		{3BB9677B-436A-4E1E-A127-D0440496E9DB} = {3FB791A0-EF04-4D01-A11A-C8C9FE79AF59}
		{30B66194-5902-491D-BB6A-5EB9C73D5D0B} = {59F5FC80-E021-4CCC-BC65-EF2D17E44D39}
		{9CE968FF-E968-4DD9-975E-1C2CFDB06A75} = {30B66194-5902-491D-BB6A-5EB9C73D5D0B}
	EndGlobalSection
	GlobalSection(ProjectConfigurationPlatforms) = postSolution
		{76524926-33E5-406D-A431-4F9843C93FA7}.Debug|Any CPU.ActiveCfg = Debug|Any CPU
		{76524926-33E5-406D-A431-4F9843C93FA7}.Debug|Any CPU.Build.0 = Debug|Any CPU
		{76524926-33E5-406D-A431-4F9843C93FA7}.Release|Any CPU.ActiveCfg = Release|Any CPU
		{76524926-33E5-406D-A431-4F9843C93FA7}.Release|Any CPU.Build.0 = Release|Any CPU
		{4EB032DD-EA84-430D-935D-44808EA3B4DD}.Debug|Any CPU.ActiveCfg = Debug|Any CPU
		{4EB032DD-EA84-430D-935D-44808EA3B4DD}.Debug|Any CPU.Build.0 = Debug|Any CPU
		{4EB032DD-EA84-430D-935D-44808EA3B4DD}.Release|Any CPU.ActiveCfg = Release|Any CPU
		{4EB032DD-EA84-430D-935D-44808EA3B4DD}.Release|Any CPU.Build.0 = Release|Any CPU
		{E11BEE50-BE0B-4939-9783-D21AB61BDEC2}.Debug|Any CPU.ActiveCfg = Debug|Any CPU
		{E11BEE50-BE0B-4939-9783-D21AB61BDEC2}.Debug|Any CPU.Build.0 = Debug|Any CPU
		{E11BEE50-BE0B-4939-9783-D21AB61BDEC2}.Release|Any CPU.ActiveCfg = Release|Any CPU
		{E11BEE50-BE0B-4939-9783-D21AB61BDEC2}.Release|Any CPU.Build.0 = Release|Any CPU
		{3BB9677B-436A-4E1E-A127-D0440496E9DB}.Debug|Any CPU.ActiveCfg = Debug|Any CPU
		{3BB9677B-436A-4E1E-A127-D0440496E9DB}.Debug|Any CPU.Build.0 = Debug|Any CPU
		{3BB9677B-436A-4E1E-A127-D0440496E9DB}.Release|Any CPU.ActiveCfg = Release|Any CPU
		{3BB9677B-436A-4E1E-A127-D0440496E9DB}.Release|Any CPU.Build.0 = Release|Any CPU
		{9CE968FF-E968-4DD9-975E-1C2CFDB06A75}.Debug|Any CPU.ActiveCfg = Debug|Any CPU
		{9CE968FF-E968-4DD9-975E-1C2CFDB06A75}.Debug|Any CPU.Build.0 = Debug|Any CPU
		{9CE968FF-E968-4DD9-975E-1C2CFDB06A75}.Release|Any CPU.ActiveCfg = Release|Any CPU
		{9CE968FF-E968-4DD9-975E-1C2CFDB06A75}.Release|Any CPU.Build.0 = Release|Any CPU
	EndGlobalSection
EndGlobal
